// !$*UTF8*$!
{
	archiveVersion = 1;
	classes = {
	};
	objectVersion = 77;
	objects = {

/* Begin PBXBuildFile section */
		BC54E2F52EE35246004F6AAE /* WidgetKit.framework in Frameworks */ = {isa = PBXBuildFile; fileRef = BC54E2F42EE35246004F6AAE /* WidgetKit.framework */; };
		BC54E2F72EE35246004F6AAE /* SwiftUI.framework in Frameworks */ = {isa = PBXBuildFile; fileRef = BC54E2F62EE35246004F6AAE /* SwiftUI.framework */; };
		BC54E3BB2F1B0000004F6B0A /* XCTest.framework in Frameworks */ = {isa = PBXBuildFile; fileRef = BC54E3BA2F1B0000004F6B09 /* XCTest.framework */; };
		BC54E3082EE35248004F6AAE /* AlexisExtensionFarenheitExtension.appex in Embed Foundation Extensions */ = {isa = PBXBuildFile; fileRef = BC54E2F22EE35246004F6AAE /* AlexisExtensionFarenheitExtension.appex */; settings = {ATTRIBUTES = (RemoveHeadersOnCopy, ); }; };
/* End PBXBuildFile section */

/* Begin PBXContainerItemProxy section */
		BC54E3062EE35248004F6AAE /* PBXContainerItemProxy */ = {
			isa = PBXContainerItemProxy;
			containerPortal = BC54E2632EE346A5004F6AAE /* Project object */;
			proxyType = 1;
			remoteGlobalIDString = BC54E2F12EE35246004F6AAE;
			remoteInfo = AlexisExtensionFarenheitExtension;
		};
		BC54E3BD2F1B0000004F6B0C /* PBXContainerItemProxy */ = {
			isa = PBXContainerItemProxy;
			containerPortal = BC54E2632EE346A5004F6AAE /* Project object */;
			proxyType = 1;
			remoteGlobalIDString = BC54E26A2EE346A5004F6AAE;
			remoteInfo = "Alexis Farenheit";
		};
/* End PBXContainerItemProxy section */

/* Begin PBXCopyFilesBuildPhase section */
		BC54E3092EE35248004F6AAE /* Embed Foundation Extensions */ = {
			isa = PBXCopyFilesBuildPhase;
			buildActionMask = 2147483647;
			dstPath = "";
			dstSubfolderSpec = 13;
			files = (
				BC54E3082EE35248004F6AAE /* AlexisExtensionFarenheitExtension.appex in Embed Foundation Extensions */,
			);
			name = "Embed Foundation Extensions";
			runOnlyForDeploymentPostprocessing = 0;
		};
/* End PBXCopyFilesBuildPhase section */

/* Begin PBXFileReference section */
		BC54E26B2EE346A5004F6AAE /* Alexis Farenheit.app */ = {isa = PBXFileReference; explicitFileType = wrapper.application; includeInIndex = 0; path = "Alexis Farenheit.app"; sourceTree = BUILT_PRODUCTS_DIR; };
		BC54E2F22EE35246004F6AAE /* AlexisExtensionFarenheitExtension.appex */ = {isa = PBXFileReference; explicitFileType = "wrapper.app-extension"; includeInIndex = 0; path = AlexisExtensionFarenheitExtension.appex; sourceTree = BUILT_PRODUCTS_DIR; };
		BC54E3B12F1B0000004F6B00 /* AlexisFarenheitTests.xctest */ = {isa = PBXFileReference; explicitFileType = wrapper.cfbundle; includeInIndex = 0; path = AlexisFarenheitTests.xctest; sourceTree = BUILT_PRODUCTS_DIR; };
		BC54E2F42EE35246004F6AAE /* WidgetKit.framework */ = {isa = PBXFileReference; lastKnownFileType = wrapper.framework; name = WidgetKit.framework; path = System/Library/Frameworks/WidgetKit.framework; sourceTree = SDKROOT; };
		BC54E2F62EE35246004F6AAE /* SwiftUI.framework */ = {isa = PBXFileReference; lastKnownFileType = wrapper.framework; name = SwiftUI.framework; path = System/Library/Frameworks/SwiftUI.framework; sourceTree = SDKROOT; };
		BC54E3BA2F1B0000004F6B09 /* XCTest.framework */ = {isa = PBXFileReference; lastKnownFileType = wrapper.framework; name = XCTest.framework; path = System/Library/Frameworks/XCTest.framework; sourceTree = SDKROOT; };
		BC9C2DA12EE72CA400747975 /* AlexisExtensionFarenheitExtension.entitlements */ = {isa = PBXFileReference; lastKnownFileType = text.plist.entitlements; path = AlexisExtensionFarenheitExtension.entitlements; sourceTree = "<group>"; };
/* End PBXFileReference section */

/* Begin PBXFileSystemSynchronizedBuildFileExceptionSet section */
		BC54E30C2EE35248004F6AAE /* Exceptions for "AlexisExtensionFarenheit" folder in "AlexisExtensionFarenheitExtension" target */ = {
			isa = PBXFileSystemSynchronizedBuildFileExceptionSet;
			membershipExceptions = (
				Info.plist,
			);
			target = BC54E2F12EE35246004F6AAE /* AlexisExtensionFarenheitExtension */;
		};
/* End PBXFileSystemSynchronizedBuildFileExceptionSet section */

/* Begin PBXFileSystemSynchronizedRootGroup section */
		BC54E26D2EE346A5004F6AAE /* Alexis Farenheit */ = {
			isa = PBXFileSystemSynchronizedRootGroup;
			path = "Alexis Farenheit";
			sourceTree = "<group>";
		};
		BC54E2F82EE35246004F6AAE /* AlexisExtensionFarenheit */ = {
			isa = PBXFileSystemSynchronizedRootGroup;
			exceptions = (
				BC54E30C2EE35248004F6AAE /* Exceptions for "AlexisExtensionFarenheit" folder in "AlexisExtensionFarenheitExtension" target */,
			);
			path = AlexisExtensionFarenheit;
			sourceTree = "<group>";
		};
		BC54E3B92F1B0000004F6B08 /* AlexisFarenheitTests */ = {
			isa = PBXFileSystemSynchronizedRootGroup;
			path = AlexisFarenheitTests;
			sourceTree = "<group>";
		};
/* End PBXFileSystemSynchronizedRootGroup section */

/* Begin PBXFrameworksBuildPhase section */
		BC54E2682EE346A5004F6AAE /* Frameworks */ = {
			isa = PBXFrameworksBuildPhase;
			buildActionMask = 2147483647;
			files = (
			);
			runOnlyForDeploymentPostprocessing = 0;
		};
		BC54E2EF2EE35246004F6AAE /* Frameworks */ = {
			isa = PBXFrameworksBuildPhase;
			buildActionMask = 2147483647;
			files = (
				BC54E2F72EE35246004F6AAE /* SwiftUI.framework in Frameworks */,
				BC54E2F52EE35246004F6AAE /* WidgetKit.framework in Frameworks */,
			);
			runOnlyForDeploymentPostprocessing = 0;
		};
		BC54E3B72F1B0000004F6B06 /* Frameworks */ = {
			isa = PBXFrameworksBuildPhase;
			buildActionMask = 2147483647;
			files = (
				BC54E3BB2F1B0000004F6B0A /* XCTest.framework in Frameworks */,
			);
			runOnlyForDeploymentPostprocessing = 0;
		};
/* End PBXFrameworksBuildPhase section */

/* Begin PBXGroup section */
		BC54E2622EE346A5004F6AAE = {
			isa = PBXGroup;
			children = (
				BC9C2DA12EE72CA400747975 /* AlexisExtensionFarenheitExtension.entitlements */,
				BC54E26D2EE346A5004F6AAE /* Alexis Farenheit */,
				BC54E3B92F1B0000004F6B08 /* AlexisFarenheitTests */,
				BC54E2F82EE35246004F6AAE /* AlexisExtensionFarenheit */,
				BC54E2F32EE35246004F6AAE /* Frameworks */,
				BC54E26C2EE346A5004F6AAE /* Products */,
			);
			sourceTree = "<group>";
		};
		BC54E26C2EE346A5004F6AAE /* Products */ = {
			isa = PBXGroup;
			children = (
				BC54E26B2EE346A5004F6AAE /* Alexis Farenheit.app */,
				BC54E2F22EE35246004F6AAE /* AlexisExtensionFarenheitExtension.appex */,
				BC54E3B12F1B0000004F6B00 /* AlexisFarenheitTests.xctest */,
			);
			name = Products;
			sourceTree = "<group>";
		};
		BC54E2F32EE35246004F6AAE /* Frameworks */ = {
			isa = PBXGroup;
			children = (
				BC54E2F42EE35246004F6AAE /* WidgetKit.framework */,
				BC54E2F62EE35246004F6AAE /* SwiftUI.framework */,
				BC54E3BA2F1B0000004F6B09 /* XCTest.framework */,
			);
			name = Frameworks;
			sourceTree = "<group>";
		};
/* End PBXGroup section */

/* Begin PBXNativeTarget section */
		BC54E26A2EE346A5004F6AAE /* Alexis Farenheit */ = {
			isa = PBXNativeTarget;
			buildConfigurationList = BC54E2762EE346A8004F6AAE /* Build configuration list for PBXNativeTarget "Alexis Farenheit" */;
			buildPhases = (
				BC54E2672EE346A5004F6AAE /* Sources */,
				BC54E2682EE346A5004F6AAE /* Frameworks */,
				BC54E2692EE346A5004F6AAE /* Resources */,
				BC54E3092EE35248004F6AAE /* Embed Foundation Extensions */,
			);
			buildRules = (
			);
			dependencies = (
				BC54E3072EE35248004F6AAE /* PBXTargetDependency */,
			);
			fileSystemSynchronizedGroups = (
				BC54E26D2EE346A5004F6AAE /* Alexis Farenheit */,
			);
			name = "Alexis Farenheit";
			packageProductDependencies = (
			);
			productName = "Alexis Farenheit";
			productReference = BC54E26B2EE346A5004F6AAE /* Alexis Farenheit.app */;
			productType = "com.apple.product-type.application";
		};
		BC54E2F12EE35246004F6AAE /* AlexisExtensionFarenheitExtension */ = {
			isa = PBXNativeTarget;
			buildConfigurationList = BC54E30D2EE35248004F6AAE /* Build configuration list for PBXNativeTarget "AlexisExtensionFarenheitExtension" */;
			buildPhases = (
				BC54E2EE2EE35246004F6AAE /* Sources */,
				BC54E2EF2EE35246004F6AAE /* Frameworks */,
				BC54E2F02EE35246004F6AAE /* Resources */,
			);
			buildRules = (
			);
			dependencies = (
			);
			fileSystemSynchronizedGroups = (
				BC54E2F82EE35246004F6AAE /* AlexisExtensionFarenheit */,
			);
			name = AlexisExtensionFarenheitExtension;
			packageProductDependencies = (
			);
			productName = AlexisExtensionFarenheitExtension;
			productReference = BC54E2F22EE35246004F6AAE /* AlexisExtensionFarenheitExtension.appex */;
			productType = "com.apple.product-type.app-extension";
		};
		BC54E3B22F1B0000004F6B01 /* AlexisFarenheitTests */ = {
			isa = PBXNativeTarget;
			buildConfigurationList = BC54E3B32F1B0000004F6B02 /* Build configuration list for PBXNativeTarget "AlexisFarenheitTests" */;
			buildPhases = (
				BC54E3B62F1B0000004F6B05 /* Sources */,
				BC54E3B72F1B0000004F6B06 /* Frameworks */,
				BC54E3B82F1B0000004F6B07 /* Resources */,
			);
			buildRules = (
			);
			dependencies = (
				BC54E3BC2F1B0000004F6B0B /* PBXTargetDependency */,
			);
			fileSystemSynchronizedGroups = (
				BC54E3B92F1B0000004F6B08 /* AlexisFarenheitTests */,
			);
			name = AlexisFarenheitTests;
			packageProductDependencies = (
			);
			productName = AlexisFarenheitTests;
			productReference = BC54E3B12F1B0000004F6B00 /* AlexisFarenheitTests.xctest */;
			productType = "com.apple.product-type.bundle.unit-test";
		};
/* End PBXNativeTarget section */

/* Begin PBXProject section */
		BC54E2632EE346A5004F6AAE /* Project object */ = {
			isa = PBXProject;
			attributes = {
				BuildIndependentTargetsInParallel = 1;
				LastSwiftUpdateCheck = 2610;
				LastUpgradeCheck = 2610;
				TargetAttributes = {
					BC54E26A2EE346A5004F6AAE = {
						CreatedOnToolsVersion = 26.1.1;
					};
					BC54E2F12EE35246004F6AAE = {
						CreatedOnToolsVersion = 26.1.1;
					};
					BC54E3B22F1B0000004F6B01 = {
						CreatedOnToolsVersion = 26.1.1;
					};
				};
			};
			buildConfigurationList = BC54E2662EE346A5004F6AAE /* Build configuration list for PBXProject "Alexis Farenheit" */;
			developmentRegion = en;
			hasScannedForEncodings = 0;
			knownRegions = (
				en,
				es,
				Base,
			);
			mainGroup = BC54E2622EE346A5004F6AAE;
			minimizedProjectReferenceProxies = 1;
			preferredProjectObjectVersion = 77;
			productRefGroup = BC54E26C2EE346A5004F6AAE /* Products */;
			projectDirPath = "";
			projectRoot = "";
			targets = (
				BC54E26A2EE346A5004F6AAE /* Alexis Farenheit */,
				BC54E2F12EE35246004F6AAE /* AlexisExtensionFarenheitExtension */,
				BC54E3B22F1B0000004F6B01 /* AlexisFarenheitTests */,
			);
		};
/* End PBXProject section */

/* Begin PBXResourcesBuildPhase section */
		BC54E2692EE346A5004F6AAE /* Resources */ = {
			isa = PBXResourcesBuildPhase;
			buildActionMask = 2147483647;
			files = (
			);
			runOnlyForDeploymentPostprocessing = 0;
		};
		BC54E2F02EE35246004F6AAE /* Resources */ = {
			isa = PBXResourcesBuildPhase;
			buildActionMask = 2147483647;
			files = (
			);
			runOnlyForDeploymentPostprocessing = 0;
		};
		BC54E3B82F1B0000004F6B07 /* Resources */ = {
			isa = PBXResourcesBuildPhase;
			buildActionMask = 2147483647;
			files = (
			);
			runOnlyForDeploymentPostprocessing = 0;
		};
/* End PBXResourcesBuildPhase section */

/* Begin PBXSourcesBuildPhase section */
		BC54E2672EE346A5004F6AAE /* Sources */ = {
			isa = PBXSourcesBuildPhase;
			buildActionMask = 2147483647;
			files = (
			);
			runOnlyForDeploymentPostprocessing = 0;
		};
		BC54E2EE2EE35246004F6AAE /* Sources */ = {
			isa = PBXSourcesBuildPhase;
			buildActionMask = 2147483647;
			files = (
			);
			runOnlyForDeploymentPostprocessing = 0;
		};
		BC54E3B62F1B0000004F6B05 /* Sources */ = {
			isa = PBXSourcesBuildPhase;
			buildActionMask = 2147483647;
			files = (
			);
			runOnlyForDeploymentPostprocessing = 0;
		};
/* End PBXSourcesBuildPhase section */

/* Begin PBXTargetDependency section */
		BC54E3072EE35248004F6AAE /* PBXTargetDependency */ = {
			isa = PBXTargetDependency;
			target = BC54E2F12EE35246004F6AAE /* AlexisExtensionFarenheitExtension */;
			targetProxy = BC54E3062EE35248004F6AAE /* PBXContainerItemProxy */;
		};
		BC54E3BC2F1B0000004F6B0B /* PBXTargetDependency */ = {
			isa = PBXTargetDependency;
			target = BC54E26A2EE346A5004F6AAE /* Alexis Farenheit */;
			targetProxy = BC54E3BD2F1B0000004F6B0C /* PBXContainerItemProxy */;
		};
/* End PBXTargetDependency section */

/* Begin XCBuildConfiguration section */
		BC54E2742EE346A8004F6AAE /* Debug */ = {
			isa = XCBuildConfiguration;
			buildSettings = {
				ALWAYS_SEARCH_USER_PATHS = NO;
				ASSETCATALOG_COMPILER_GENERATE_SWIFT_ASSET_SYMBOL_EXTENSIONS = YES;
				CLANG_ANALYZER_NONNULL = YES;
				CLANG_ANALYZER_NUMBER_OBJECT_CONVERSION = YES_AGGRESSIVE;
				CLANG_CXX_LANGUAGE_STANDARD = "gnu++20";
				CLANG_ENABLE_MODULES = YES;
				CLANG_ENABLE_OBJC_ARC = YES;
				CLANG_ENABLE_OBJC_WEAK = YES;
				CLANG_WARN_BLOCK_CAPTURE_AUTORELEASING = YES;
				CLANG_WARN_BOOL_CONVERSION = YES;
				CLANG_WARN_COMMA = YES;
				CLANG_WARN_CONSTANT_CONVERSION = YES;
				CLANG_WARN_DEPRECATED_OBJC_IMPLEMENTATIONS = YES;
				CLANG_WARN_DIRECT_OBJC_ISA_USAGE = YES_ERROR;
				CLANG_WARN_DOCUMENTATION_COMMENTS = YES;
				CLANG_WARN_EMPTY_BODY = YES;
				CLANG_WARN_ENUM_CONVERSION = YES;
				CLANG_WARN_INFINITE_RECURSION = YES;
				CLANG_WARN_INT_CONVERSION = YES;
				CLANG_WARN_NON_LITERAL_NULL_CONVERSION = YES;
				CLANG_WARN_OBJC_IMPLICIT_RETAIN_SELF = YES;
				CLANG_WARN_OBJC_LITERAL_CONVERSION = YES;
				CLANG_WARN_OBJC_ROOT_CLASS = YES_ERROR;
				CLANG_WARN_QUOTED_INCLUDE_IN_FRAMEWORK_HEADER = YES;
				CLANG_WARN_RANGE_LOOP_ANALYSIS = YES;
				CLANG_WARN_STRICT_PROTOTYPES = YES;
				CLANG_WARN_SUSPICIOUS_MOVE = YES;
				CLANG_WARN_UNGUARDED_AVAILABILITY = YES_AGGRESSIVE;
				CLANG_WARN_UNREACHABLE_CODE = YES;
				CLANG_WARN__DUPLICATE_METHOD_MATCH = YES;
				COPY_PHASE_STRIP = NO;
				DEBUG_INFORMATION_FORMAT = dwarf;
				DEVELOPMENT_TEAM = PN2FR53G7Y;
				ENABLE_STRICT_OBJC_MSGSEND = YES;
				ENABLE_TESTABILITY = YES;
				ENABLE_USER_SCRIPT_SANDBOXING = YES;
				GCC_C_LANGUAGE_STANDARD = gnu17;
				GCC_DYNAMIC_NO_PIC = NO;
				GCC_NO_COMMON_BLOCKS = YES;
				GCC_OPTIMIZATION_LEVEL = 0;
				GCC_PREPROCESSOR_DEFINITIONS = (
					"DEBUG=1",
					"$(inherited)",
				);
				GCC_WARN_64_TO_32_BIT_CONVERSION = YES;
				GCC_WARN_ABOUT_RETURN_TYPE = YES_ERROR;
				GCC_WARN_UNDECLARED_SELECTOR = YES;
				GCC_WARN_UNINITIALIZED_AUTOS = YES_AGGRESSIVE;
				GCC_WARN_UNUSED_FUNCTION = YES;
				GCC_WARN_UNUSED_VARIABLE = YES;
				IPHONEOS_DEPLOYMENT_TARGET = 26.1;
				LOCALIZATION_PREFERS_STRING_CATALOGS = YES;
				MTL_ENABLE_DEBUG_INFO = INCLUDE_SOURCE;
				MTL_FAST_MATH = YES;
				ONLY_ACTIVE_ARCH = YES;
				SDKROOT = iphoneos;
				SWIFT_ACTIVE_COMPILATION_CONDITIONS = "DEBUG $(inherited)";
				SWIFT_OPTIMIZATION_LEVEL = "-Onone";
			};
			name = Debug;
		};
		BC54E2752EE346A8004F6AAE /* Release */ = {
			isa = XCBuildConfiguration;
			buildSettings = {
				ALWAYS_SEARCH_USER_PATHS = NO;
				ASSETCATALOG_COMPILER_GENERATE_SWIFT_ASSET_SYMBOL_EXTENSIONS = YES;
				CLANG_ANALYZER_NONNULL = YES;
				CLANG_ANALYZER_NUMBER_OBJECT_CONVERSION = YES_AGGRESSIVE;
				CLANG_CXX_LANGUAGE_STANDARD = "gnu++20";
				CLANG_ENABLE_MODULES = YES;
				CLANG_ENABLE_OBJC_ARC = YES;
				CLANG_ENABLE_OBJC_WEAK = YES;
				CLANG_WARN_BLOCK_CAPTURE_AUTORELEASING = YES;
				CLANG_WARN_BOOL_CONVERSION = YES;
				CLANG_WARN_COMMA = YES;
				CLANG_WARN_CONSTANT_CONVERSION = YES;
				CLANG_WARN_DEPRECATED_OBJC_IMPLEMENTATIONS = YES;
				CLANG_WARN_DIRECT_OBJC_ISA_USAGE = YES_ERROR;
				CLANG_WARN_DOCUMENTATION_COMMENTS = YES;
				CLANG_WARN_EMPTY_BODY = YES;
				CLANG_WARN_ENUM_CONVERSION = YES;
				CLANG_WARN_INFINITE_RECURSION = YES;
				CLANG_WARN_INT_CONVERSION = YES;
				CLANG_WARN_NON_LITERAL_NULL_CONVERSION = YES;
				CLANG_WARN_OBJC_IMPLICIT_RETAIN_SELF = YES;
				CLANG_WARN_OBJC_LITERAL_CONVERSION = YES;
				CLANG_WARN_OBJC_ROOT_CLASS = YES_ERROR;
				CLANG_WARN_QUOTED_INCLUDE_IN_FRAMEWORK_HEADER = YES;
				CLANG_WARN_RANGE_LOOP_ANALYSIS = YES;
				CLANG_WARN_STRICT_PROTOTYPES = YES;
				CLANG_WARN_SUSPICIOUS_MOVE = YES;
				CLANG_WARN_UNGUARDED_AVAILABILITY = YES_AGGRESSIVE;
				CLANG_WARN_UNREACHABLE_CODE = YES;
				CLANG_WARN__DUPLICATE_METHOD_MATCH = YES;
				COPY_PHASE_STRIP = NO;
				DEBUG_INFORMATION_FORMAT = "dwarf-with-dsym";
				DEVELOPMENT_TEAM = PN2FR53G7Y;
				ENABLE_NS_ASSERTIONS = NO;
				ENABLE_STRICT_OBJC_MSGSEND = YES;
				ENABLE_USER_SCRIPT_SANDBOXING = YES;
				GCC_C_LANGUAGE_STANDARD = gnu17;
				GCC_NO_COMMON_BLOCKS = YES;
				GCC_WARN_64_TO_32_BIT_CONVERSION = YES;
				GCC_WARN_ABOUT_RETURN_TYPE = YES_ERROR;
				GCC_WARN_UNDECLARED_SELECTOR = YES;
				GCC_WARN_UNINITIALIZED_AUTOS = YES_AGGRESSIVE;
				GCC_WARN_UNUSED_FUNCTION = YES;
				GCC_WARN_UNUSED_VARIABLE = YES;
				IPHONEOS_DEPLOYMENT_TARGET = 26.1;
				LOCALIZATION_PREFERS_STRING_CATALOGS = YES;
				MTL_ENABLE_DEBUG_INFO = NO;
				MTL_FAST_MATH = YES;
				SDKROOT = iphoneos;
				SWIFT_COMPILATION_MODE = wholemodule;
				VALIDATE_PRODUCT = YES;
			};
			name = Release;
		};
		BC54E2772EE346A8004F6AAE /* Debug */ = {
			isa = XCBuildConfiguration;
			buildSettings = {
				ASSETCATALOG_COMPILER_APPICON_NAME = AppIcon;
				ASSETCATALOG_COMPILER_GLOBAL_ACCENT_COLOR_NAME = AccentColor;
				CODE_SIGN_ENTITLEMENTS = "Alexis Farenheit/Alexis Farenheit.entitlements";
				CODE_SIGN_STYLE = Automatic;
				CURRENT_PROJECT_VERSION = 1;
				DEVELOPMENT_TEAM = PN2FR53G7Y;
				ENABLE_PREVIEWS = YES;
				GENERATE_INFOPLIST_FILE = YES;
				INFOPLIST_FILE = "Alexis-Farenheit-Info.plist";
				INFOPLIST_KEY_NSLocationAlwaysAndWhenInUseUsageDescription = "We need your location to show local weather, including during background updates.";
				INFOPLIST_KEY_NSLocationWhenInUseUsageDescription = "We need your location to show local weather.";
				INFOPLIST_KEY_UIApplicationSceneManifest_Generation = YES;
				INFOPLIST_KEY_UIApplicationSupportsIndirectInputEvents = YES;
				INFOPLIST_KEY_UILaunchScreen_Generation = YES;
				INFOPLIST_KEY_UISupportedInterfaceOrientations_iPad = "UIInterfaceOrientationPortrait UIInterfaceOrientationPortraitUpsideDown UIInterfaceOrientationLandscapeLeft UIInterfaceOrientationLandscapeRight";
				INFOPLIST_KEY_UISupportedInterfaceOrientations_iPhone = "UIInterfaceOrientationPortrait UIInterfaceOrientationLandscapeLeft UIInterfaceOrientationLandscapeRight";
				LD_RUNPATH_SEARCH_PATHS = (
					"$(inherited)",
					"@executable_path/Frameworks",
				);
				MARKETING_VERSION = 1.0;
				PRODUCT_BUNDLE_IDENTIFIER = "alexisaraujo.Alexis-Farenheit";
				PRODUCT_NAME = "$(TARGET_NAME)";
				STRING_CATALOG_GENERATE_SYMBOLS = YES;
				SWIFT_APPROACHABLE_CONCURRENCY = YES;
				SWIFT_DEFAULT_ACTOR_ISOLATION = MainActor;
				SWIFT_EMIT_LOC_STRINGS = YES;
				SWIFT_UPCOMING_FEATURE_MEMBER_IMPORT_VISIBILITY = YES;
				SWIFT_VERSION = 5.0;
				TARGETED_DEVICE_FAMILY = "1,2";
			};
			name = Debug;
		};
		BC54E2782EE346A8004F6AAE /* Release */ = {
			isa = XCBuildConfiguration;
			buildSettings = {
				ASSETCATALOG_COMPILER_APPICON_NAME = AppIcon;
				ASSETCATALOG_COMPILER_GLOBAL_ACCENT_COLOR_NAME = AccentColor;
				CODE_SIGN_ENTITLEMENTS = "Alexis Farenheit/Alexis Farenheit.entitlements";
				CODE_SIGN_STYLE = Automatic;
				CURRENT_PROJECT_VERSION = 1;
				DEVELOPMENT_TEAM = PN2FR53G7Y;
				ENABLE_PREVIEWS = YES;
				GENERATE_INFOPLIST_FILE = YES;
				INFOPLIST_FILE = "Alexis-Farenheit-Info.plist";
				INFOPLIST_KEY_NSLocationAlwaysAndWhenInUseUsageDescription = "We need your location to show local weather, including during background updates.";
				INFOPLIST_KEY_NSLocationWhenInUseUsageDescription = "We need your location to show local weather.";
				INFOPLIST_KEY_UIApplicationSceneManifest_Generation = YES;
				INFOPLIST_KEY_UIApplicationSupportsIndirectInputEvents = YES;
				INFOPLIST_KEY_UILaunchScreen_Generation = YES;
				INFOPLIST_KEY_UISupportedInterfaceOrientations_iPad = "UIInterfaceOrientationPortrait UIInterfaceOrientationPortraitUpsideDown UIInterfaceOrientationLandscapeLeft UIInterfaceOrientationLandscapeRight";
				INFOPLIST_KEY_UISupportedInterfaceOrientations_iPhone = "UIInterfaceOrientationPortrait UIInterfaceOrientationLandscapeLeft UIInterfaceOrientationLandscapeRight";
				LD_RUNPATH_SEARCH_PATHS = (
					"$(inherited)",
					"@executable_path/Frameworks",
				);
				MARKETING_VERSION = 1.0;
				PRODUCT_BUNDLE_IDENTIFIER = "alexisaraujo.Alexis-Farenheit";
				PRODUCT_NAME = "$(TARGET_NAME)";
				STRING_CATALOG_GENERATE_SYMBOLS = YES;
				SWIFT_APPROACHABLE_CONCURRENCY = YES;
				SWIFT_DEFAULT_ACTOR_ISOLATION = MainActor;
				SWIFT_EMIT_LOC_STRINGS = YES;
				SWIFT_UPCOMING_FEATURE_MEMBER_IMPORT_VISIBILITY = YES;
				SWIFT_VERSION = 5.0;
				TARGETED_DEVICE_FAMILY = "1,2";
			};
			name = Release;
		};
		BC54E30A2EE35248004F6AAE /* Debug */ = {
			isa = XCBuildConfiguration;
			buildSettings = {
				ASSETCATALOG_COMPILER_GLOBAL_ACCENT_COLOR_NAME = AccentColor;
				ASSETCATALOG_COMPILER_WIDGET_BACKGROUND_COLOR_NAME = WidgetBackground;
				CODE_SIGN_ENTITLEMENTS = AlexisExtensionFarenheitExtension.entitlements;
				CODE_SIGN_STYLE = Automatic;
				CURRENT_PROJECT_VERSION = 1;
				DEVELOPMENT_TEAM = PN2FR53G7Y;
				GENERATE_INFOPLIST_FILE = YES;
				INFOPLIST_FILE = AlexisExtensionFarenheit/Info.plist;
				INFOPLIST_KEY_CFBundleDisplayName = AlexisExtensionFarenheit;
				INFOPLIST_KEY_NSHumanReadableCopyright = "";
				LD_RUNPATH_SEARCH_PATHS = (
					"$(inherited)",
					"@executable_path/Frameworks",
					"@executable_path/../../Frameworks",
				);
				MARKETING_VERSION = 1.0;
				PRODUCT_BUNDLE_IDENTIFIER = "alexisaraujo.Alexis-Farenheit.AlexisExtensionFarenheit";
				PRODUCT_NAME = "$(TARGET_NAME)";
				SKIP_INSTALL = YES;
				STRING_CATALOG_GENERATE_SYMBOLS = YES;
				SWIFT_APPROACHABLE_CONCURRENCY = YES;
				SWIFT_EMIT_LOC_STRINGS = YES;
				SWIFT_UPCOMING_FEATURE_MEMBER_IMPORT_VISIBILITY = YES;
				SWIFT_VERSION = 5.0;
				TARGETED_DEVICE_FAMILY = "1,2";
			};
			name = Debug;
		};
		BC54E30B2EE35248004F6AAE /* Release */ = {
			isa = XCBuildConfiguration;
			buildSettings = {
				ASSETCATALOG_COMPILER_GLOBAL_ACCENT_COLOR_NAME = AccentColor;
				ASSETCATALOG_COMPILER_WIDGET_BACKGROUND_COLOR_NAME = WidgetBackground;
				CODE_SIGN_ENTITLEMENTS = AlexisExtensionFarenheitExtension.entitlements;
				CODE_SIGN_STYLE = Automatic;
				CURRENT_PROJECT_VERSION = 1;
				DEVELOPMENT_TEAM = PN2FR53G7Y;
				GENERATE_INFOPLIST_FILE = YES;
				INFOPLIST_FILE = AlexisExtensionFarenheit/Info.plist;
				INFOPLIST_KEY_CFBundleDisplayName = AlexisExtensionFarenheit;
				INFOPLIST_KEY_NSHumanReadableCopyright = "";
				LD_RUNPATH_SEARCH_PATHS = (
					"$(inherited)",
					"@executable_path/Frameworks",
					"@executable_path/../../Frameworks",
				);
				MARKETING_VERSION = 1.0;
				PRODUCT_BUNDLE_IDENTIFIER = "alexisaraujo.Alexis-Farenheit.AlexisExtensionFarenheit";
				PRODUCT_NAME = "$(TARGET_NAME)";
				SKIP_INSTALL = YES;
				STRING_CATALOG_GENERATE_SYMBOLS = YES;
				SWIFT_APPROACHABLE_CONCURRENCY = YES;
				SWIFT_EMIT_LOC_STRINGS = YES;
				SWIFT_UPCOMING_FEATURE_MEMBER_IMPORT_VISIBILITY = YES;
				SWIFT_VERSION = 5.0;
				TARGETED_DEVICE_FAMILY = "1,2";
			};
			name = Release;
		};
		BC54E3B42F1B0000004F6B03 /* Debug */ = {
			isa = XCBuildConfiguration;
			buildSettings = {
				BUNDLE_LOADER = "$(TEST_HOST)";
				CODE_SIGN_STYLE = Automatic;
				CURRENT_PROJECT_VERSION = 1;
				DEVELOPMENT_TEAM = PN2FR53G7Y;
				GENERATE_INFOPLIST_FILE = YES;
				IPHONEOS_DEPLOYMENT_TARGET = 26.1;
				LD_RUNPATH_SEARCH_PATHS = (
					"$(inherited)",
					"@executable_path/Frameworks",
					"@loader_path/Frameworks",
				);
				MARKETING_VERSION = 1.0;
				PRODUCT_BUNDLE_IDENTIFIER = "alexisaraujo.Alexis-FarenheitTests";
				PRODUCT_NAME = "$(TARGET_NAME)";
				SWIFT_VERSION = 5.0;
				TARGETED_DEVICE_FAMILY = "1,2";
				TEST_HOST = "$(BUILT_PRODUCTS_DIR)/Alexis Farenheit.app/Alexis Farenheit";
			};
			name = Debug;
		};
		BC54E3B52F1B0000004F6B04 /* Release */ = {
			isa = XCBuildConfiguration;
			buildSettings = {
				BUNDLE_LOADER = "$(TEST_HOST)";
				CODE_SIGN_STYLE = Automatic;
				CURRENT_PROJECT_VERSION = 1;
				DEVELOPMENT_TEAM = PN2FR53G7Y;
				GENERATE_INFOPLIST_FILE = YES;
				IPHONEOS_DEPLOYMENT_TARGET = 26.1;
				LD_RUNPATH_SEARCH_PATHS = (
					"$(inherited)",
					"@executable_path/Frameworks",
					"@loader_path/Frameworks",
				);
				MARKETING_VERSION = 1.0;
				PRODUCT_BUNDLE_IDENTIFIER = "alexisaraujo.Alexis-FarenheitTests";
				PRODUCT_NAME = "$(TARGET_NAME)";
				SWIFT_VERSION = 5.0;
				TARGETED_DEVICE_FAMILY = "1,2";
				TEST_HOST = "$(BUILT_PRODUCTS_DIR)/Alexis Farenheit.app/Alexis Farenheit";
			};
			name = Release;
		};
/* End XCBuildConfiguration section */

/* Begin XCConfigurationList section */
		BC54E2662EE346A5004F6AAE /* Build configuration list for PBXProject "Alexis Farenheit" */ = {
			isa = XCConfigurationList;
			buildConfigurations = (
				BC54E2742EE346A8004F6AAE /* Debug */,
				BC54E2752EE346A8004F6AAE /* Release */,
			);
			defaultConfigurationIsVisible = 0;
			defaultConfigurationName = Release;
		};
		BC54E2762EE346A8004F6AAE /* Build configuration list for PBXNativeTarget "Alexis Farenheit" */ = {
			isa = XCConfigurationList;
			buildConfigurations = (
				BC54E2772EE346A8004F6AAE /* Debug */,
				BC54E2782EE346A8004F6AAE /* Release */,
			);
			defaultConfigurationIsVisible = 0;
			defaultConfigurationName = Release;
		};
		BC54E30D2EE35248004F6AAE /* Build configuration list for PBXNativeTarget "AlexisExtensionFarenheitExtension" */ = {
			isa = XCConfigurationList;
			buildConfigurations = (
				BC54E30A2EE35248004F6AAE /* Debug */,
				BC54E30B2EE35248004F6AAE /* Release */,
			);
			defaultConfigurationIsVisible = 0;
			defaultConfigurationName = Release;
		};
		BC54E3B32F1B0000004F6B02 /* Build configuration list for PBXNativeTarget "AlexisFarenheitTests" */ = {
			isa = XCConfigurationList;
			buildConfigurations = (
				BC54E3B42F1B0000004F6B03 /* Debug */,
				BC54E3B52F1B0000004F6B04 /* Release */,
			);
			defaultConfigurationIsVisible = 0;
			defaultConfigurationName = Release;
		};
/* End XCConfigurationList section */
	};
	rootObject = BC54E2632EE346A5004F6AAE /* Project object */;
}
